
Microsoft Visual Studio Solution File, Format Version 12.00
# Visual Studio Version 16
VisualStudioVersion = 16.0.33130.400
MinimumVisualStudioVersion = 10.0.40219.1
Project("{FAE04EC0-301F-11D3-BF4B-00C04F79EFBC}") = "QLTS", "QLTS\QLTS.csproj", "{713DF497-B9A5-4C0A-AE71-66A33E7D0FFC}"
EndProject
Global
	GlobalSection(SolutionConfigurationPlatforms) = preSolution
		Debug|Any CPU = Debug|Any CPU
		Release|Any CPU = Release|Any CPU
	EndGlobalSection
	GlobalSection(ProjectConfigurationPlatforms) = postSolution
		{713DF497-B9A5-4C0A-AE71-66A33E7D0FFC}.Debug|Any CPU.ActiveCfg = Debug|Any CPU
		{713DF497-B9A5-4C0A-AE71-66A33E7D0FFC}.Debug|Any CPU.Build.0 = Debug|Any CPU
		{713DF497-B9A5-4C0A-AE71-66A33E7D0FFC}.Release|Any CPU.ActiveCfg = Release|Any CPU
		{713DF497-B9A5-4C0A-AE71-66A33E7D0FFC}.Release|Any CPU.Build.0 = Release|Any CPU
	EndGlobalSection
	GlobalSection(SolutionProperties) = preSolution
		HideSolutionNode = FALSE
	EndGlobalSection
	GlobalSection(ExtensibilityGlobals) = postSolution
		SolutionGuid = {6BB719A5-6EDF-4DEE-B6C2-B018B4186E30}
	EndGlobalSection
EndGlobal
